
Microsoft Visual Studio Solution File, Format Version 12.00
# Visual Studio 15
VisualStudioVersion = 15.0.28307.757
MinimumVisualStudioVersion = 10.0.40219.1
Project("{FAE04EC0-301F-11D3-BF4B-00C04F79EFBC}") = "ExamenWebSalinas", "ExamenWebSalinas\ExamenWebSalinas.csproj", "{A382F249-0B9D-44C4-B39D-CAB9B76782D3}"
EndProject
Project("{FAE04EC0-301F-11D3-BF4B-00C04F79EFBC}") = "ExamenWebSalinas.AccesoDatos", "ExamenWebSalinas.AccesoDatos\ExamenWebSalinas.AccesoDatos.csproj", "{ED0E0DA4-7A48-4537-AE6C-D0B4E894CAC0}"
EndProject
Project("{FAE04EC0-301F-11D3-BF4B-00C04F79EFBC}") = "ExamenWebSalinas.Entidades", "ExamenWebSalinas.Entidades\ExamenWebSalinas.Entidades.csproj", "{F4ABB16B-A2B0-42D2-A53B-4DFD03A0346C}"
EndProject
Project("{FAE04EC0-301F-11D3-BF4B-00C04F79EFBC}") = "ExamenWebSalinas.Negocio", "ExamenWebSalinas.Negocio\ExamenWebSalinas.Negocio.csproj", "{0D2C2505-5643-4CEA-B26E-BC718DF1420E}"
EndProject
Global
	GlobalSection(SolutionConfigurationPlatforms) = preSolution
		Debug|Any CPU = Debug|Any CPU
		Release|Any CPU = Release|Any CPU
	EndGlobalSection
	GlobalSection(ProjectConfigurationPlatforms) = postSolution
		{A382F249-0B9D-44C4-B39D-CAB9B76782D3}.Debug|Any CPU.ActiveCfg = Debug|Any CPU
		{A382F249-0B9D-44C4-B39D-CAB9B76782D3}.Debug|Any CPU.Build.0 = Debug|Any CPU
		{A382F249-0B9D-44C4-B39D-CAB9B76782D3}.Release|Any CPU.ActiveCfg = Release|Any CPU
		{A382F249-0B9D-44C4-B39D-CAB9B76782D3}.Release|Any CPU.Build.0 = Release|Any CPU
		{ED0E0DA4-7A48-4537-AE6C-D0B4E894CAC0}.Debug|Any CPU.ActiveCfg = Debug|Any CPU
		{ED0E0DA4-7A48-4537-AE6C-D0B4E894CAC0}.Debug|Any CPU.Build.0 = Debug|Any CPU
		{ED0E0DA4-7A48-4537-AE6C-D0B4E894CAC0}.Release|Any CPU.ActiveCfg = Release|Any CPU
		{ED0E0DA4-7A48-4537-AE6C-D0B4E894CAC0}.Release|Any CPU.Build.0 = Release|Any CPU
		{F4ABB16B-A2B0-42D2-A53B-4DFD03A0346C}.Debug|Any CPU.ActiveCfg = Debug|Any CPU
		{F4ABB16B-A2B0-42D2-A53B-4DFD03A0346C}.Debug|Any CPU.Build.0 = Debug|Any CPU
		{F4ABB16B-A2B0-42D2-A53B-4DFD03A0346C}.Release|Any CPU.ActiveCfg = Release|Any CPU
		{F4ABB16B-A2B0-42D2-A53B-4DFD03A0346C}.Release|Any CPU.Build.0 = Release|Any CPU
		{0D2C2505-5643-4CEA-B26E-BC718DF1420E}.Debug|Any CPU.ActiveCfg = Debug|Any CPU
		{0D2C2505-5643-4CEA-B26E-BC718DF1420E}.Debug|Any CPU.Build.0 = Debug|Any CPU
		{0D2C2505-5643-4CEA-B26E-BC718DF1420E}.Release|Any CPU.ActiveCfg = Release|Any CPU
		{0D2C2505-5643-4CEA-B26E-BC718DF1420E}.Release|Any CPU.Build.0 = Release|Any CPU
	EndGlobalSection
	GlobalSection(SolutionProperties) = preSolution
		HideSolutionNode = FALSE
	EndGlobalSection
	GlobalSection(ExtensibilityGlobals) = postSolution
		SolutionGuid = {2FA88C1C-1C83-4261-9CAE-D6FC0F3F5C21}
	EndGlobalSection
EndGlobal
